
Microsoft Visual Studio Solution File, Format Version 12.00
# Visual Studio Version 17
VisualStudioVersion = 17.5.002.0
MinimumVisualStudioVersion = 10.0.40219.1
Project("{9A19103F-16F7-4668-BE54-9A1E7A4F7556}") = "api", "api.csproj", "{BE6CF46D-2682-493D-B467-02A7264E9501}"
EndProject
Global
	GlobalSection(SolutionConfigurationPlatforms) = preSolution
		Debug|Any CPU = Debug|Any CPU
		Release|Any CPU = Release|Any CPU
	EndGlobalSection
	GlobalSection(ProjectConfigurationPlatforms) = postSolution
		{BE6CF46D-2682-493D-B467-02A7264E9501}.Debug|Any CPU.ActiveCfg = Debug|Any CPU
		{BE6CF46D-2682-493D-B467-02A7264E9501}.Debug|Any CPU.Build.0 = Debug|Any CPU
		{BE6CF46D-2682-493D-B467-02A7264E9501}.Release|Any CPU.ActiveCfg = Release|Any CPU
		{BE6CF46D-2682-493D-B467-02A7264E9501}.Release|Any CPU.Build.0 = Release|Any CPU
	EndGlobalSection
	GlobalSection(SolutionProperties) = preSolution
		HideSolutionNode = FALSE
	EndGlobalSection
	GlobalSection(ExtensibilityGlobals) = postSolution
		SolutionGuid = {F6FD2137-B639-4336-AD0C-96E7C59DEE52}
	EndGlobalSection
EndGlobal
